{
    "name": "swg-forge",
    "version": "1.0.0",
    "lockfileVersion": 3,
    "requires": true,
    "packages": {
        "": {
            "name": "swg-forge",
            "version": "1.0.0",
            "workspaces": [
                "packages/*"
            ],
            "devDependencies": {
                "@types/node": "^18.0.0",
                "@types/vscode": "^1.74.0",
                "typescript": "^5.0.0"
            }
        },
        "node_modules/@swgemu/core": {
            "resolved": "packages/core",
            "link": true
        },
        "node_modules/@types/node": {
            "version": "18.19.130",
            "resolved": "https://registry.npmjs.org/@types/node/-/node-18.19.130.tgz",
            "integrity": "sha512-GRaXQx6jGfL8sKfaIDD6OupbIHBr9jv7Jnaml9tB7l4v068PAOXqfcujMMo5PhbIs6ggR1XODELqahT2R8v0fg==",
            "dev": true,
            "license": "MIT",
            "dependencies": {
                "undici-types": "~5.26.4"
            }
        },
        "node_modules/@types/vscode": {
            "version": "1.109.0",
            "resolved": "https://registry.npmjs.org/@types/vscode/-/vscode-1.109.0.tgz",
            "integrity": "sha512-0Pf95rnwEIwDbmXGC08r0B4TQhAbsHQ5UyTIgVgoieDe4cOnf92usuR5dEczb6bTKEp7ziZH4TV1TRGPPCExtw==",
            "dev": true,
            "license": "MIT"
        },
        "node_modules/acm-editor": {
            "resolved": "packages/acm-editor",
            "link": true
        },
        "node_modules/appearance-chain-editor": {
            "resolved": "packages/appearance-chain",
            "link": true
        },
        "node_modules/armor-forge": {
            "resolved": "packages/object-forge",
            "link": true
        },
        "node_modules/art-workshop": {
            "resolved": "packages/art-workshop",
            "link": true
        },
        "node_modules/bdb-viewer": {
            "resolved": "packages/bdb-viewer",
            "link": true
        },
        "node_modules/building-npc-planner": {
            "resolved": "packages/building-npc-planner",
            "link": true
        },
        "node_modules/clothing-maker": {
            "resolved": "packages/clothing-maker",
            "link": true
        },
        "node_modules/crafting-workshop": {
            "resolved": "packages/crafting-workshop",
            "link": true
        },
        "node_modules/crc-editor": {
            "resolved": "packages/crc-editor",
            "link": true
        },
        "node_modules/datatable-editor": {
            "resolved": "packages/datatable-editor",
            "link": true
        },
        "node_modules/dds-editor": {
            "resolved": "packages/dds-editor",
            "link": true
        },
        "node_modules/flr-viewer": {
            "resolved": "packages/flr-viewer",
            "link": true
        },
        "node_modules/iff-editor": {
            "resolved": "packages/iff-editor",
            "link": true
        },
        "node_modules/ilf-viewer": {
            "resolved": "packages/ilf-viewer",
            "link": true
        },
        "node_modules/mobile-duplicator": {
            "resolved": "packages/mobile-duplicator",
            "link": true
        },
        "node_modules/mount-wizard": {
            "resolved": "packages/mount-wizard",
            "link": true
        },
        "node_modules/object-creator": {
            "resolved": "packages/object-creator",
            "link": true
        },
        "node_modules/palette-editor": {
            "resolved": "packages/palette-editor",
            "link": true
        },
        "node_modules/sfp-viewer": {
            "resolved": "packages/sfp-viewer",
            "link": true
        },
        "node_modules/stf-editor": {
            "resolved": "packages/stf-editor",
            "link": true
        },
        "node_modules/swg-forge-config": {
            "resolved": "packages/config",
            "link": true
        },
        "node_modules/swg-tre-builder": {
            "resolved": "packages/tre-builder",
            "link": true
        },
        "node_modules/swg-trn-viewer": {
            "resolved": "packages/trn-viewer",
            "link": true
        },
        "node_modules/tre-viewer": {
            "resolved": "packages/tre-viewer",
            "link": true
        },
        "node_modules/typescript": {
            "version": "5.9.3",
            "resolved": "https://registry.npmjs.org/typescript/-/typescript-5.9.3.tgz",
            "integrity": "sha512-jl1vZzPDinLr9eUt3J/t7V6FgNEw9QjvBPdysz9KfQDD41fQrC2Y4vKQdiaUpFT4bXlb1RHhLpp8wtm6M5TgSw==",
            "dev": true,
            "license": "Apache-2.0",
            "bin": {
                "tsc": "bin/tsc",
                "tsserver": "bin/tsserver"
            },
            "engines": {
                "node": ">=14.17"
            }
        },
        "node_modules/undici-types": {
            "version": "5.26.5",
            "resolved": "https://registry.npmjs.org/undici-types/-/undici-types-5.26.5.tgz",
            "integrity": "sha512-JlCMO+ehdEIKqlFxk6IfVoAUVmgz7cU7zD/h9XZ0qzeosSHmUJVOzSQvvYSYWXkFXC+IfLKSIffhv0sVZup6pA==",
            "dev": true,
            "license": "MIT"
        },
        "node_modules/walkway-builder": {
            "resolved": "packages/walkway-builder",
            "link": true
        },
        "packages/acm-editor": {
            "version": "1.0.0",
            "dependencies": {
                "@swgemu/core": "file:../core"
            },
            "devDependencies": {
                "@types/node": "^18.0.0",
                "@types/vscode": "^1.74.0",
                "typescript": "^5.0.0"
            },
            "engines": {
                "vscode": "^1.74.0"
            }
        },
        "packages/appearance-chain": {
            "name": "appearance-chain-editor",
            "version": "2.0.0",
            "dependencies": {
                "@swgemu/core": "file:../core"
            },
            "devDependencies": {
                "@types/node": "^18.0.0",
                "@types/vscode": "^1.74.0",
                "typescript": "^5.0.0"
            },
            "engines": {
                "vscode": "^1.74.0"
            }
        },
        "packages/art-workshop": {
            "version": "1.0.0",
            "dependencies": {
                "@swgemu/core": "file:../core"
            },
            "devDependencies": {
                "@types/node": "^18.0.0",
                "@types/vscode": "^1.74.0",
                "typescript": "^5.0.0"
            },
            "engines": {
                "vscode": "^1.74.0"
            }
        },
        "packages/bdb-viewer": {
            "version": "1.0.0",
            "dependencies": {
                "@swgemu/core": "file:../core"
            },
            "devDependencies": {
                "@types/node": "^18.0.0",
                "@types/vscode": "^1.74.0",
                "typescript": "^5.0.0"
            },
            "engines": {
                "vscode": "^1.74.0"
            }
        },
        "packages/building-npc-planner": {
            "version": "1.0.0",
            "dependencies": {
                "@swgemu/core": "file:../core"
            },
            "devDependencies": {
                "@types/node": "^18.0.0",
                "@types/vscode": "^1.74.0",
                "typescript": "^5.0.0"
            },
            "engines": {
                "vscode": "^1.74.0"
            }
        },
        "packages/clothing-maker": {
            "version": "1.0.0",
            "dependencies": {
                "@swgemu/core": "^1.0.0"
            },
            "devDependencies": {
                "@types/node": "^18.0.0",
                "@types/vscode": "^1.60.0",
                "typescript": "^5.0.0"
            },
            "engines": {
                "vscode": "^1.60.0"
            }
        },
        "packages/config": {
            "name": "swg-forge-config",
            "version": "1.0.0",
            "dependencies": {
                "@swgemu/core": "file:../core"
            },
            "devDependencies": {
                "@types/node": "^18.0.0",
                "@types/vscode": "^1.74.0",
                "typescript": "^5.0.0"
            },
            "engines": {
                "vscode": "^1.74.0"
            }
        },
        "packages/core": {
            "name": "@swgemu/core",
            "version": "1.0.0",
            "devDependencies": {
                "@types/node": "^18.0.0",
                "typescript": "^5.0.0"
            }
        },
        "packages/crafting-workshop": {
            "version": "1.2.0",
            "dependencies": {
                "@swgemu/core": "file:../core"
            },
            "devDependencies": {
                "@types/node": "^18.0.0",
                "@types/vscode": "^1.74.0",
                "typescript": "^5.0.0"
            },
            "engines": {
                "vscode": "^1.74.0"
            }
        },
        "packages/crc-editor": {
            "version": "1.0.0",
            "dependencies": {
                "@swgemu/core": "file:../core"
            },
            "devDependencies": {
                "@types/node": "^18.0.0",
                "@types/vscode": "^1.74.0",
                "typescript": "^5.0.0"
            },
            "engines": {
                "vscode": "^1.74.0"
            }
        },
        "packages/datatable-editor": {
            "version": "1.0.0",
            "dependencies": {
                "@swgemu/core": "file:../core"
            },
            "devDependencies": {
                "@types/node": "^18.0.0",
                "@types/vscode": "^1.74.0",
                "typescript": "^5.0.0"
            },
            "engines": {
                "vscode": "^1.74.0"
            }
        },
        "packages/dds-editor": {
            "version": "1.0.0",
            "dependencies": {
                "@swgemu/core": "file:../core"
            },
            "devDependencies": {
                "@types/node": "^18.0.0",
                "@types/vscode": "^1.74.0",
                "typescript": "^5.0.0"
            },
            "engines": {
                "vscode": "^1.74.0"
            }
        },
        "packages/flr-viewer": {
            "version": "1.0.0",
            "devDependencies": {
                "@types/node": "^18.0.0",
                "@types/vscode": "^1.74.0",
                "typescript": "^5.0.0"
            },
            "engines": {
                "vscode": "^1.74.0"
            }
        },
        "packages/iff-editor": {
            "version": "1.0.0",
            "dependencies": {
                "@swgemu/core": "file:../core",
                "@types/minimatch": "^5.1.2",
                "minimatch": "^9.0.0"
            },
            "devDependencies": {
                "@types/node": "^18.0.0",
                "@types/vscode": "^1.74.0",
                "typescript": "^5.0.0"
            },
            "engines": {
                "vscode": "^1.74.0"
            }
        },
        "packages/iff-editor/node_modules/@types/minimatch": {
            "version": "5.1.2",
            "license": "MIT"
        },
        "packages/iff-editor/node_modules/balanced-match": {
            "version": "1.0.2",
            "license": "MIT"
        },
        "packages/iff-editor/node_modules/brace-expansion": {
            "version": "2.0.2",
            "license": "MIT",
            "dependencies": {
                "balanced-match": "^1.0.0"
            }
        },
        "packages/iff-editor/node_modules/minimatch": {
            "version": "9.0.5",
            "license": "ISC",
            "dependencies": {
                "brace-expansion": "^2.0.1"
            },
            "engines": {
                "node": ">=16 || 14 >=14.17"
            },
            "funding": {
                "url": "https://github.com/sponsors/isaacs"
            }
        },
        "packages/ilf-viewer": {
            "version": "1.0.0",
            "dependencies": {
                "@swgemu/core": "file:../core"
            },
            "devDependencies": {
                "@types/node": "^18.0.0",
                "@types/vscode": "^1.74.0",
                "typescript": "^5.0.0"
            },
            "engines": {
                "vscode": "^1.74.0"
            }
        },
        "packages/mobile-duplicator": {
            "version": "1.0.0",
            "dependencies": {
                "@swgemu/core": "^1.0.0"
            },
            "devDependencies": {
                "@types/node": "^18.0.0",
                "@types/vscode": "^1.60.0",
                "typescript": "^5.0.0"
            },
            "engines": {
                "vscode": "^1.60.0"
            }
        },
        "packages/mount-wizard": {
            "version": "1.0.0",
            "dependencies": {
                "@swgemu/core": "file:../core"
            },
            "devDependencies": {
                "@types/node": "^18.0.0",
                "@types/vscode": "^1.74.0",
                "typescript": "^5.0.0"
            },
            "engines": {
                "vscode": "^1.74.0"
            }
        },
        "packages/object-creator": {
            "version": "1.0.0",
            "dependencies": {
                "@swgemu/core": "file:../core"
            },
            "devDependencies": {
                "@types/node": "^18.0.0",
                "@types/vscode": "^1.74.0",
                "typescript": "^5.0.0"
            },
            "engines": {
                "vscode": "^1.74.0"
            }
        },
        "packages/object-forge": {
            "name": "armor-forge",
            "version": "1.0.0",
            "dependencies": {
                "@swgemu/core": "file:../core"
            },
            "devDependencies": {
                "@types/node": "^18.0.0",
                "@types/vscode": "^1.74.0",
                "typescript": "^5.0.0"
            },
            "engines": {
                "vscode": "^1.74.0"
            }
        },
        "packages/palette-editor": {
            "version": "1.0.0",
            "dependencies": {
                "@swgemu/core": "file:../core"
            },
            "devDependencies": {
                "@types/node": "^18.0.0",
                "@types/vscode": "^1.74.0",
                "typescript": "^5.0.0"
            },
            "engines": {
                "vscode": "^1.74.0"
            }
        },
        "packages/sfp-viewer": {
            "version": "1.0.0",
            "devDependencies": {
                "@types/node": "^18.0.0",
                "@types/vscode": "^1.74.0",
                "typescript": "^5.0.0"
            },
            "engines": {
                "vscode": "^1.74.0"
            }
        },
        "packages/stf-editor": {
            "version": "1.0.0",
            "dependencies": {
                "@swgemu/core": "file:../core"
            },
            "devDependencies": {
                "@types/node": "^18.0.0",
                "@types/vscode": "^1.74.0",
                "typescript": "^5.0.0"
            },
            "engines": {
                "vscode": "^1.74.0"
            }
        },
        "packages/tre-builder": {
            "name": "swg-tre-builder",
            "version": "1.0.0",
            "dependencies": {
                "@swgemu/core": "file:../core"
            },
            "devDependencies": {
                "@types/node": "^18.0.0",
                "@types/vscode": "^1.74.0",
                "typescript": "^5.0.0"
            },
            "engines": {
                "vscode": "^1.74.0"
            }
        },
        "packages/tre-viewer": {
            "version": "1.0.0",
            "dependencies": {
                "@swgemu/core": "file:../core"
            },
            "devDependencies": {
                "@types/node": "^18.0.0",
                "@types/vscode": "^1.74.0",
                "typescript": "^5.0.0"
            },
            "engines": {
                "vscode": "^1.74.0"
            }
        },
        "packages/trn-viewer": {
            "name": "swg-trn-viewer",
            "version": "1.0.0",
            "dependencies": {
                "@swgemu/core": "file:../core"
            },
            "devDependencies": {
                "@types/node": "^18.0.0",
                "@types/vscode": "^1.74.0",
                "typescript": "^5.0.0"
            },
            "engines": {
                "vscode": "^1.74.0"
            }
        },
        "packages/walkway-builder": {
            "version": "1.0.0",
            "dependencies": {
                "@swgemu/core": "file:../core"
            },
            "devDependencies": {
                "@types/node": "^18.0.0",
                "@types/vscode": "^1.74.0",
                "typescript": "^5.0.0"
            },
            "engines": {
                "vscode": "^1.74.0"
            }
        }
    }
}
